
Microsoft Visual Studio Solution File, Format Version 12.00
# Visual Studio Version 16
VisualStudioVersion = 16.0.31911.196
MinimumVisualStudioVersion = 10.0.40219.1
Project("{FAE04EC0-301F-11D3-BF4B-00C04F79EFBC}") = "QLCH", "QLCH\QLCH.csproj", "{1C9740ED-3A29-4DF5-87D9-D0F82FB390FE}"
EndProject
Global
	GlobalSection(SolutionConfigurationPlatforms) = preSolution
		Debug|Any CPU = Debug|Any CPU
		Release|Any CPU = Release|Any CPU
	EndGlobalSection
	GlobalSection(ProjectConfigurationPlatforms) = postSolution
		{1C9740ED-3A29-4DF5-87D9-D0F82FB390FE}.Debug|Any CPU.ActiveCfg = Debug|Any CPU
		{1C9740ED-3A29-4DF5-87D9-D0F82FB390FE}.Debug|Any CPU.Build.0 = Debug|Any CPU
		{1C9740ED-3A29-4DF5-87D9-D0F82FB390FE}.Release|Any CPU.ActiveCfg = Release|Any CPU
		{1C9740ED-3A29-4DF5-87D9-D0F82FB390FE}.Release|Any CPU.Build.0 = Release|Any CPU
	EndGlobalSection
	GlobalSection(SolutionProperties) = preSolution
		HideSolutionNode = FALSE
	EndGlobalSection
	GlobalSection(ExtensibilityGlobals) = postSolution
		SolutionGuid = {6C6457BE-0B53-484A-8764-1368C03D5318}
	EndGlobalSection
EndGlobal
